
Microsoft Visual Studio Solution File, Format Version 12.00
# Visual Studio Version 17
VisualStudioVersion = 17.1.32421.90
MinimumVisualStudioVersion = 10.0.40219.1
Project("{FAE04EC0-301F-11D3-BF4B-00C04F79EFBC}") = "kanadeiar", "kanadeiar\kanadeiar.csproj", "{8C2EDE81-A3E8-4BF7-A0CC-3AE4AF2CC0E1}"
EndProject
Global
	GlobalSection(SolutionConfigurationPlatforms) = preSolution
		Debug|Any CPU = Debug|Any CPU
		Release|Any CPU = Release|Any CPU
	EndGlobalSection
	GlobalSection(ProjectConfigurationPlatforms) = postSolution
		{8C2EDE81-A3E8-4BF7-A0CC-3AE4AF2CC0E1}.Debug|Any CPU.ActiveCfg = Debug|Any CPU
		{8C2EDE81-A3E8-4BF7-A0CC-3AE4AF2CC0E1}.Debug|Any CPU.Build.0 = Debug|Any CPU
		{8C2EDE81-A3E8-4BF7-A0CC-3AE4AF2CC0E1}.Release|Any CPU.ActiveCfg = Release|Any CPU
		{8C2EDE81-A3E8-4BF7-A0CC-3AE4AF2CC0E1}.Release|Any CPU.Build.0 = Release|Any CPU
	EndGlobalSection
	GlobalSection(SolutionProperties) = preSolution
		HideSolutionNode = FALSE
	EndGlobalSection
	GlobalSection(ExtensibilityGlobals) = postSolution
		SolutionGuid = {398B7D5E-5783-4AFA-946B-7BA45570F383}
	EndGlobalSection
EndGlobal
