
Microsoft Visual Studio Solution File, Format Version 12.00
# Visual Studio Version 17
VisualStudioVersion = 17.2.32505.173
MinimumVisualStudioVersion = 10.0.40219.1
Project("{FAE04EC0-301F-11D3-BF4B-00C04F79EFBC}") = "kanadeiar", "kanadeiar.csproj", "{B4FC5B8E-4604-44A7-98AB-17EBFDDABBAC}"
EndProject
Project("{2150E333-8FDC-42A3-9474-1A3956D46DE8}") = "Элементы решения", "Элементы решения", "{C7D061F6-7B8F-4567-B256-1BC0760EC8D9}"
	ProjectSection(SolutionItems) = preProject
		..\README.md = ..\README.md
	EndProjectSection
EndProject
Global
	GlobalSection(SolutionConfigurationPlatforms) = preSolution
		Debug|Any CPU = Debug|Any CPU
		Release|Any CPU = Release|Any CPU
	EndGlobalSection
	GlobalSection(ProjectConfigurationPlatforms) = postSolution
		{B4FC5B8E-4604-44A7-98AB-17EBFDDABBAC}.Debug|Any CPU.ActiveCfg = Debug|Any CPU
		{B4FC5B8E-4604-44A7-98AB-17EBFDDABBAC}.Debug|Any CPU.Build.0 = Debug|Any CPU
		{B4FC5B8E-4604-44A7-98AB-17EBFDDABBAC}.Release|Any CPU.ActiveCfg = Release|Any CPU
		{B4FC5B8E-4604-44A7-98AB-17EBFDDABBAC}.Release|Any CPU.Build.0 = Release|Any CPU
	EndGlobalSection
	GlobalSection(SolutionProperties) = preSolution
		HideSolutionNode = FALSE
	EndGlobalSection
	GlobalSection(ExtensibilityGlobals) = postSolution
		SolutionGuid = {0E127B28-96AF-45D7-94DC-102590CED70B}
	EndGlobalSection
EndGlobal
